
Microsoft Visual Studio Solution File, Format Version 12.00
# Visual Studio Version 17
VisualStudioVersion = 17.3.32825.248
MinimumVisualStudioVersion = 10.0.40219.1
Project("{FAE04EC0-301F-11D3-BF4B-00C04F79EFBC}") = "Explorus", "Explorus\Explorus.csproj", "{A5891DD1-0233-46EB-B9D1-1F7CD6E495D9}"
EndProject
Project("{FAE04EC0-301F-11D3-BF4B-00C04F79EFBC}") = "TestExplorus", "TestExplorus\TestExplorus.csproj", "{1E242100-AD29-4983-9392-628DF622A35C}"
EndProject
Global
	GlobalSection(SolutionConfigurationPlatforms) = preSolution
		Debug|Any CPU = Debug|Any CPU
		Release|Any CPU = Release|Any CPU
	EndGlobalSection
	GlobalSection(ProjectConfigurationPlatforms) = postSolution
		{A5891DD1-0233-46EB-B9D1-1F7CD6E495D9}.Debug|Any CPU.ActiveCfg = Debug|Any CPU
		{A5891DD1-0233-46EB-B9D1-1F7CD6E495D9}.Debug|Any CPU.Build.0 = Debug|Any CPU
		{A5891DD1-0233-46EB-B9D1-1F7CD6E495D9}.Release|Any CPU.ActiveCfg = Release|Any CPU
		{A5891DD1-0233-46EB-B9D1-1F7CD6E495D9}.Release|Any CPU.Build.0 = Release|Any CPU
		{1E242100-AD29-4983-9392-628DF622A35C}.Debug|Any CPU.ActiveCfg = Debug|Any CPU
		{1E242100-AD29-4983-9392-628DF622A35C}.Debug|Any CPU.Build.0 = Debug|Any CPU
		{1E242100-AD29-4983-9392-628DF622A35C}.Release|Any CPU.ActiveCfg = Release|Any CPU
		{1E242100-AD29-4983-9392-628DF622A35C}.Release|Any CPU.Build.0 = Release|Any CPU
	EndGlobalSection
	GlobalSection(SolutionProperties) = preSolution
		HideSolutionNode = FALSE
	EndGlobalSection
	GlobalSection(ExtensibilityGlobals) = postSolution
		SolutionGuid = {877A35D5-CD50-40F8-B2A5-D1F3BD47FA07}
	EndGlobalSection
EndGlobal
